# This file is automatically @generated by Cargo.
# It is not intended for manual editing.
version = 4

[[package]]
name = "youaskm3-core"
version = "0.1.0"

[[package]]
name = "youaskm3-ingest"
version = "0.1.0"

[[package]]
name = "youaskm3-mcp"
version = "0.1.0"
dependencies = [
 "youaskm3-search",
]

[[package]]
name = "youaskm3-search"
version = "0.1.0"
